
Microsoft Visual Studio Solution File, Format Version 12.00
# Visual Studio Version 16
VisualStudioVersion = 16.0.30503.244
MinimumVisualStudioVersion = 10.0.40219.1
Project("{FAE04EC0-301F-11D3-BF4B-00C04F79EFBC}") = "WarOfCards", "WarOfCards\WarOfCards.csproj", "{E960551A-B1A5-4804-853F-2A4924DF5F5D}"
EndProject
Global
	GlobalSection(SolutionConfigurationPlatforms) = preSolution
		Debug|Any CPU = Debug|Any CPU
		Release|Any CPU = Release|Any CPU
	EndGlobalSection
	GlobalSection(ProjectConfigurationPlatforms) = postSolution
		{E960551A-B1A5-4804-853F-2A4924DF5F5D}.Debug|Any CPU.ActiveCfg = Debug|Any CPU
		{E960551A-B1A5-4804-853F-2A4924DF5F5D}.Debug|Any CPU.Build.0 = Debug|Any CPU
		{E960551A-B1A5-4804-853F-2A4924DF5F5D}.Release|Any CPU.ActiveCfg = Release|Any CPU
		{E960551A-B1A5-4804-853F-2A4924DF5F5D}.Release|Any CPU.Build.0 = Release|Any CPU
	EndGlobalSection
	GlobalSection(SolutionProperties) = preSolution
		HideSolutionNode = FALSE
	EndGlobalSection
	GlobalSection(ExtensibilityGlobals) = postSolution
		SolutionGuid = {9C7B1627-0DAB-4F00-928D-379FA1B3962F}
	EndGlobalSection
EndGlobal
